<?xml version="1.0" encoding="utf-8"?>
<Project ToolsVersion="4.0" xmlns="http://schemas.microsoft.com/developer/msbuild/2003">
  <ItemGroup>
    <Filter Include="source">
      <UniqueIdentifier>{6999fa45-57b6-4db5-9eba-c423afc472e0}</UniqueIdentifier>
      <Extensions>cpp;c;cxx;def;odl;idl;hpj;bat;asm</Extensions>
    </Filter>
    <Filter Include="include">
      <UniqueIdentifier>{afff3115-e688-4597-9354-6d03013256af}</UniqueIdentifier>
      <Extensions>h;hpp;hxx;hm;inl;inc</Extensions>
    </Filter>
    <Filter Include="resource">
      <UniqueIdentifier>{385a88dc-b7e8-493a-baad-256f6fafb27d}</UniqueIdentifier>
      <Extensions>rc;ico;cur;bmp;dlg;rc2;rct;bin;rgs;jpg;jpeg;jpe;png;manifest</Extensions>
    </Filter>
  </ItemGroup>
  <ItemGroup>
    <None Include="res\JvGameTest.ico">
      <Filter>resource</Filter>
    </None>
    <None Include="..\Resources\CloseSelected.png">
      <Filter>resource</Filter>
    </None>
    <None Include="..\Resources\CloseNormal.png">
      <Filter>resource</Filter>
    </None>
    <None Include="..\Resources\HelloWorld.png">
      <Filter>resource</Filter>
    </None>
  </ItemGroup>
  <ItemGroup>
    <ResourceCompile Include="JvGameTest.rc">
      <Filter>resource</Filter>
    </ResourceCompile>
  </ItemGroup>
  <ItemGroup>
    <ClInclude Include="resource.h">
      <Filter>include</Filter>
    </ClInclude>
    <ClInclude Include="main.h">
      <Filter>include</Filter>
    </ClInclude>
    <ClInclude Include="..\Classes\AppDelegate.h">
      <Filter>include</Filter>
    </ClInclude>
    <ClInclude Include="..\Classes\HelloWorldScene.h">
      <Filter>include</Filter>
    </ClInclude>
    <ClInclude Include="..\Classes\JvCamera.h">
      <Filter>include</Filter>
    </ClInclude>
    <ClInclude Include="..\Classes\JvG.h">
      <Filter>include</Filter>
    </ClInclude>
    <ClInclude Include="..\Classes\JvGroup.h">
      <Filter>include</Filter>
    </ClInclude>
    <ClInclude Include="..\Classes\JvH.h">
      <Filter>include</Filter>
    </ClInclude>
    <ClInclude Include="..\Classes\JvList.h">
      <Filter>include</Filter>
    </ClInclude>
    <ClInclude Include="..\Classes\JvObject.h">
      <Filter>include</Filter>
    </ClInclude>
    <ClInclude Include="..\Classes\JvPoint.h">
      <Filter>include</Filter>
    </ClInclude>
    <ClInclude Include="..\Classes\JvQuadTree.h">
      <Filter>include</Filter>
    </ClInclude>
    <ClInclude Include="..\Classes\JvRect.h">
      <Filter>include</Filter>
    </ClInclude>
    <ClInclude Include="..\Classes\JvSave.h">
      <Filter>include</Filter>
    </ClInclude>
    <ClInclude Include="..\Classes\JvSprite.h">
      <Filter>include</Filter>
    </ClInclude>
    <ClInclude Include="..\Classes\JvState.h">
      <Filter>include</Filter>
    </ClInclude>
    <ClInclude Include="..\Classes\JvTilemap.h">
      <Filter>include</Filter>
    </ClInclude>
    <ClInclude Include="..\Classes\JvU.h">
      <Filter>include</Filter>
    </ClInclude>
    <ClInclude Include="..\Classes\StateTest.h">
      <Filter>include</Filter>
    </ClInclude>
  </ItemGroup>
  <ItemGroup>
    <ClCompile Include="main.cpp">
      <Filter>source</Filter>
    </ClCompile>
    <ClCompile Include="..\Classes\AppDelegate.cpp">
      <Filter>source</Filter>
    </ClCompile>
    <ClCompile Include="..\Classes\HelloWorldScene.cpp">
      <Filter>source</Filter>
    </ClCompile>
    <ClCompile Include="..\Classes\JvCamera.cpp">
      <Filter>source</Filter>
    </ClCompile>
    <ClCompile Include="..\Classes\JvG.cpp">
      <Filter>source</Filter>
    </ClCompile>
    <ClCompile Include="..\Classes\JvGroup.cpp">
      <Filter>source</Filter>
    </ClCompile>
    <ClCompile Include="..\Classes\JvList.cpp">
      <Filter>source</Filter>
    </ClCompile>
    <ClCompile Include="..\Classes\JvObject.cpp">
      <Filter>source</Filter>
    </ClCompile>
    <ClCompile Include="..\Classes\JvPoint.cpp">
      <Filter>source</Filter>
    </ClCompile>
    <ClCompile Include="..\Classes\JvQuadTree.cpp">
      <Filter>source</Filter>
    </ClCompile>
    <ClCompile Include="..\Classes\JvRect.cpp">
      <Filter>source</Filter>
    </ClCompile>
    <ClCompile Include="..\Classes\JvSave.cpp">
      <Filter>source</Filter>
    </ClCompile>
    <ClCompile Include="..\Classes\JvSprite.cpp">
      <Filter>source</Filter>
    </ClCompile>
    <ClCompile Include="..\Classes\JvState.cpp">
      <Filter>source</Filter>
    </ClCompile>
    <ClCompile Include="..\Classes\JvTilemap.cpp">
      <Filter>source</Filter>
    </ClCompile>
    <ClCompile Include="..\Classes\JvU.cpp">
      <Filter>source</Filter>
    </ClCompile>
    <ClCompile Include="..\Classes\StateTest.cpp">
      <Filter>source</Filter>
    </ClCompile>
  </ItemGroup>
</Project>